
Microsoft Visual Studio Solution File, Format Version 12.00
# Visual Studio 15
VisualStudioVersion = 15.0.26730.10
MinimumVisualStudioVersion = 10.0.40219.1

Project("{6EC3EE1D-3C4E-46DD-8F32-0CC8E7565705}") = "FabBooks", "FabBooks\FabBooks.fsproj", "{22939295-03B4-402D-8ECE-BD007D5FAF1A}"
EndProject

Project("{F2A71F9B-5D33-465A-A702-920D77279786}") = "FabBooks.Android", "FabBooks.Android\FabBooks.Android.fsproj", "{B5474378-B27C-4E46-82AC-AB1E20EE3D65}"
EndProject


Project("{F2A71F9B-5D33-465A-A702-920D77279786}") = "FabBooks.iOS", "FabBooks.iOS\FabBooks.iOS.fsproj", "{5863F51F-C4D0-4F6E-BD86-1C30776F89D7}"
EndProject
Project("{F2A71F9B-5D33-465A-A702-920D77279786}") = "FabBooksTests", "FabBooksTests\FabBooksTests.fsproj", "{FFBAC446-4F94-4146-A175-54D8EF2ABD42}"
EndProject
Project("{F2A71F9B-5D33-465A-A702-920D77279786}") = "XmlProviderLib", "XmlProviderLib\XmlProviderLib.fsproj", "{BE4F54A1-001E-4358-89D8-B97C1674A75D}"
EndProject
Project("{F2A71F9B-5D33-465A-A702-920D77279786}") = "NetworkLib", "NetworkLib\NetworkLib.fsproj", "{45246CEB-6E5A-4F3D-AC71-5C002069FBE5}"
EndProject
Project("{F2A71F9B-5D33-465A-A702-920D77279786}") = "TypesLib", "TypesLib\TypesLib.fsproj", "{6F735F25-A9BD-49AC-9820-0FE2CA89FB02}"
EndProject
Project("{F2A71F9B-5D33-465A-A702-920D77279786}") = "StorageLib", "StorageLib\StorageLib.fsproj", "{49A7510F-46AB-4443-A786-AE28004165BD}"
EndProject




Global
	GlobalSection(SolutionConfigurationPlatforms) = preSolution
		Ad-Hoc|Any CPU = Ad-Hoc|Any CPU
		Ad-Hoc|ARM = Ad-Hoc|ARM
		Ad-Hoc|iPhone = Ad-Hoc|iPhone
		Ad-Hoc|iPhoneSimulator = Ad-Hoc|iPhoneSimulator
		Ad-Hoc|x64 = Ad-Hoc|x64
		Ad-Hoc|x86 = Ad-Hoc|x86
		AppStore|Any CPU = AppStore|Any CPU
		AppStore|ARM = AppStore|ARM
		AppStore|iPhone = AppStore|iPhone
		AppStore|iPhoneSimulator = AppStore|iPhoneSimulator
		AppStore|x64 = AppStore|x64
		AppStore|x86 = AppStore|x86
		Debug|Any CPU = Debug|Any CPU
		Debug|ARM = Debug|ARM
		Debug|iPhone = Debug|iPhone
		Debug|iPhoneSimulator = Debug|iPhoneSimulator
		Debug|x64 = Debug|x64
		Debug|x86 = Debug|x86
		Release|Any CPU = Release|Any CPU
		Release|ARM = Release|ARM
		Release|iPhone = Release|iPhone
		Release|iPhoneSimulator = Release|iPhoneSimulator
		Release|x64 = Release|x64
		Release|x86 = Release|x86
	EndGlobalSection
	GlobalSection(ProjectConfigurationPlatforms) = postSolution
		{22939295-03B4-402D-8ECE-BD007D5FAF1A}.Ad-Hoc|Any CPU.ActiveCfg = Debug|Any CPU
		{22939295-03B4-402D-8ECE-BD007D5FAF1A}.Ad-Hoc|Any CPU.Build.0 = Debug|Any CPU
		{22939295-03B4-402D-8ECE-BD007D5FAF1A}.Ad-Hoc|ARM.ActiveCfg = Debug|Any CPU
		{22939295-03B4-402D-8ECE-BD007D5FAF1A}.Ad-Hoc|ARM.Build.0 = Debug|Any CPU
		{22939295-03B4-402D-8ECE-BD007D5FAF1A}.Ad-Hoc|iPhone.ActiveCfg = Debug|Any CPU
		{22939295-03B4-402D-8ECE-BD007D5FAF1A}.Ad-Hoc|iPhone.Build.0 = Debug|Any CPU
		{22939295-03B4-402D-8ECE-BD007D5FAF1A}.Ad-Hoc|iPhoneSimulator.ActiveCfg = Debug|Any CPU
		{22939295-03B4-402D-8ECE-BD007D5FAF1A}.Ad-Hoc|iPhoneSimulator.Build.0 = Debug|Any CPU
		{22939295-03B4-402D-8ECE-BD007D5FAF1A}.Ad-Hoc|x64.ActiveCfg = Debug|Any CPU
		{22939295-03B4-402D-8ECE-BD007D5FAF1A}.Ad-Hoc|x64.Build.0 = Debug|Any CPU
		{22939295-03B4-402D-8ECE-BD007D5FAF1A}.Ad-Hoc|x86.ActiveCfg = Debug|Any CPU
		{22939295-03B4-402D-8ECE-BD007D5FAF1A}.Ad-Hoc|x86.Build.0 = Debug|Any CPU
		{22939295-03B4-402D-8ECE-BD007D5FAF1A}.AppStore|Any CPU.ActiveCfg = Debug|Any CPU
		{22939295-03B4-402D-8ECE-BD007D5FAF1A}.AppStore|Any CPU.Build.0 = Debug|Any CPU
		{22939295-03B4-402D-8ECE-BD007D5FAF1A}.AppStore|ARM.ActiveCfg = Debug|Any CPU
		{22939295-03B4-402D-8ECE-BD007D5FAF1A}.AppStore|ARM.Build.0 = Debug|Any CPU
		{22939295-03B4-402D-8ECE-BD007D5FAF1A}.AppStore|iPhone.ActiveCfg = Debug|Any CPU
		{22939295-03B4-402D-8ECE-BD007D5FAF1A}.AppStore|iPhone.Build.0 = Debug|Any CPU
		{22939295-03B4-402D-8ECE-BD007D5FAF1A}.AppStore|iPhoneSimulator.ActiveCfg = Debug|Any CPU
		{22939295-03B4-402D-8ECE-BD007D5FAF1A}.AppStore|iPhoneSimulator.Build.0 = Debug|Any CPU
		{22939295-03B4-402D-8ECE-BD007D5FAF1A}.AppStore|x64.ActiveCfg = Debug|Any CPU
		{22939295-03B4-402D-8ECE-BD007D5FAF1A}.AppStore|x64.Build.0 = Debug|Any CPU
		{22939295-03B4-402D-8ECE-BD007D5FAF1A}.AppStore|x86.ActiveCfg = Debug|Any CPU
		{22939295-03B4-402D-8ECE-BD007D5FAF1A}.AppStore|x86.Build.0 = Debug|Any CPU
		{22939295-03B4-402D-8ECE-BD007D5FAF1A}.Debug|Any CPU.ActiveCfg = Debug|Any CPU
		{22939295-03B4-402D-8ECE-BD007D5FAF1A}.Debug|Any CPU.Build.0 = Debug|Any CPU
		{22939295-03B4-402D-8ECE-BD007D5FAF1A}.Debug|ARM.ActiveCfg = Debug|Any CPU
		{22939295-03B4-402D-8ECE-BD007D5FAF1A}.Debug|ARM.Build.0 = Debug|Any CPU
		{22939295-03B4-402D-8ECE-BD007D5FAF1A}.Debug|iPhone.ActiveCfg = Debug|Any CPU
		{22939295-03B4-402D-8ECE-BD007D5FAF1A}.Debug|iPhone.Build.0 = Debug|Any CPU
		{22939295-03B4-402D-8ECE-BD007D5FAF1A}.Debug|iPhoneSimulator.ActiveCfg = Debug|Any CPU
		{22939295-03B4-402D-8ECE-BD007D5FAF1A}.Debug|iPhoneSimulator.Build.0 = Debug|Any CPU
		{22939295-03B4-402D-8ECE-BD007D5FAF1A}.Debug|x64.ActiveCfg = Debug|Any CPU
		{22939295-03B4-402D-8ECE-BD007D5FAF1A}.Debug|x64.Build.0 = Debug|Any CPU
		{22939295-03B4-402D-8ECE-BD007D5FAF1A}.Debug|x86.ActiveCfg = Debug|Any CPU
		{22939295-03B4-402D-8ECE-BD007D5FAF1A}.Debug|x86.Build.0 = Debug|Any CPU
		{22939295-03B4-402D-8ECE-BD007D5FAF1A}.Release|Any CPU.ActiveCfg = Release|Any CPU
		{22939295-03B4-402D-8ECE-BD007D5FAF1A}.Release|Any CPU.Build.0 = Release|Any CPU
		{22939295-03B4-402D-8ECE-BD007D5FAF1A}.Release|ARM.ActiveCfg = Release|Any CPU
		{22939295-03B4-402D-8ECE-BD007D5FAF1A}.Release|ARM.Build.0 = Release|Any CPU
		{22939295-03B4-402D-8ECE-BD007D5FAF1A}.Release|iPhone.ActiveCfg = Release|Any CPU
		{22939295-03B4-402D-8ECE-BD007D5FAF1A}.Release|iPhone.Build.0 = Release|Any CPU
		{22939295-03B4-402D-8ECE-BD007D5FAF1A}.Release|iPhoneSimulator.ActiveCfg = Release|Any CPU
		{22939295-03B4-402D-8ECE-BD007D5FAF1A}.Release|iPhoneSimulator.Build.0 = Release|Any CPU
		{22939295-03B4-402D-8ECE-BD007D5FAF1A}.Release|x64.ActiveCfg = Release|Any CPU
		{22939295-03B4-402D-8ECE-BD007D5FAF1A}.Release|x64.Build.0 = Release|Any CPU
		{22939295-03B4-402D-8ECE-BD007D5FAF1A}.Release|x86.ActiveCfg = Release|Any CPU
		{22939295-03B4-402D-8ECE-BD007D5FAF1A}.Release|x86.Build.0 = Release|Any CPU
		{5863F51F-C4D0-4F6E-BD86-1C30776F89D7}.Ad-Hoc|Any CPU.ActiveCfg = Ad-Hoc|iPhone
		{5863F51F-C4D0-4F6E-BD86-1C30776F89D7}.Ad-Hoc|ARM.ActiveCfg = Ad-Hoc|iPhone
		{5863F51F-C4D0-4F6E-BD86-1C30776F89D7}.Ad-Hoc|iPhone.ActiveCfg = Ad-Hoc|iPhone
		{5863F51F-C4D0-4F6E-BD86-1C30776F89D7}.Ad-Hoc|iPhone.Build.0 = Ad-Hoc|iPhone
		{5863F51F-C4D0-4F6E-BD86-1C30776F89D7}.Ad-Hoc|x64.ActiveCfg = Ad-Hoc|iPhone
		{5863F51F-C4D0-4F6E-BD86-1C30776F89D7}.Ad-Hoc|x86.ActiveCfg = Ad-Hoc|iPhone
		{5863F51F-C4D0-4F6E-BD86-1C30776F89D7}.AppStore|Any CPU.ActiveCfg = AppStore|iPhone
		{5863F51F-C4D0-4F6E-BD86-1C30776F89D7}.AppStore|ARM.ActiveCfg = AppStore|iPhone
		{5863F51F-C4D0-4F6E-BD86-1C30776F89D7}.AppStore|iPhone.ActiveCfg = AppStore|iPhone
		{5863F51F-C4D0-4F6E-BD86-1C30776F89D7}.AppStore|iPhone.Build.0 = AppStore|iPhone
		{5863F51F-C4D0-4F6E-BD86-1C30776F89D7}.AppStore|x64.ActiveCfg = AppStore|iPhone
		{5863F51F-C4D0-4F6E-BD86-1C30776F89D7}.AppStore|x86.ActiveCfg = AppStore|iPhone
		{5863F51F-C4D0-4F6E-BD86-1C30776F89D7}.Debug|Any CPU.ActiveCfg = Debug|iPhone
		{5863F51F-C4D0-4F6E-BD86-1C30776F89D7}.Debug|ARM.ActiveCfg = Debug|iPhone
		{5863F51F-C4D0-4F6E-BD86-1C30776F89D7}.Debug|iPhone.ActiveCfg = Debug|iPhone
		{5863F51F-C4D0-4F6E-BD86-1C30776F89D7}.Debug|iPhone.Build.0 = Debug|iPhone
		{5863F51F-C4D0-4F6E-BD86-1C30776F89D7}.Debug|iPhoneSimulator.ActiveCfg = Debug|iPhoneSimulator
		{5863F51F-C4D0-4F6E-BD86-1C30776F89D7}.Debug|iPhoneSimulator.Build.0 = Debug|iPhoneSimulator
		{5863F51F-C4D0-4F6E-BD86-1C30776F89D7}.Debug|x64.ActiveCfg = Debug|iPhone
		{5863F51F-C4D0-4F6E-BD86-1C30776F89D7}.Debug|x86.ActiveCfg = Debug|iPhone
		{5863F51F-C4D0-4F6E-BD86-1C30776F89D7}.Release|Any CPU.ActiveCfg = Release|iPhone
		{5863F51F-C4D0-4F6E-BD86-1C30776F89D7}.Release|ARM.ActiveCfg = Release|iPhone
		{5863F51F-C4D0-4F6E-BD86-1C30776F89D7}.Release|iPhone.ActiveCfg = Release|iPhone
		{5863F51F-C4D0-4F6E-BD86-1C30776F89D7}.Release|iPhone.Build.0 = Release|iPhone
		{5863F51F-C4D0-4F6E-BD86-1C30776F89D7}.Release|iPhoneSimulator.ActiveCfg = Release|iPhoneSimulator
		{5863F51F-C4D0-4F6E-BD86-1C30776F89D7}.Release|iPhoneSimulator.Build.0 = Release|iPhoneSimulator
		{5863F51F-C4D0-4F6E-BD86-1C30776F89D7}.Release|x64.ActiveCfg = Release|iPhone
		{5863F51F-C4D0-4F6E-BD86-1C30776F89D7}.Release|x86.ActiveCfg = Release|iPhone
		{B5474378-B27C-4E46-82AC-AB1E20EE3D65}.Ad-Hoc|Any CPU.ActiveCfg = Release|Any CPU
		{B5474378-B27C-4E46-82AC-AB1E20EE3D65}.Ad-Hoc|Any CPU.Build.0 = Release|Any CPU
		{B5474378-B27C-4E46-82AC-AB1E20EE3D65}.Ad-Hoc|ARM.ActiveCfg = Release|Any CPU
		{B5474378-B27C-4E46-82AC-AB1E20EE3D65}.Ad-Hoc|ARM.Build.0 = Release|Any CPU
		{B5474378-B27C-4E46-82AC-AB1E20EE3D65}.Ad-Hoc|iPhone.ActiveCfg = Release|Any CPU
		{B5474378-B27C-4E46-82AC-AB1E20EE3D65}.Ad-Hoc|iPhone.Build.0 = Release|Any CPU
		{B5474378-B27C-4E46-82AC-AB1E20EE3D65}.Ad-Hoc|iPhoneSimulator.ActiveCfg = Release|Any CPU
		{B5474378-B27C-4E46-82AC-AB1E20EE3D65}.Ad-Hoc|iPhoneSimulator.Build.0 = Release|Any CPU
		{B5474378-B27C-4E46-82AC-AB1E20EE3D65}.Ad-Hoc|x64.ActiveCfg = Release|Any CPU
		{B5474378-B27C-4E46-82AC-AB1E20EE3D65}.Ad-Hoc|x64.Build.0 = Release|Any CPU
		{B5474378-B27C-4E46-82AC-AB1E20EE3D65}.Ad-Hoc|x86.ActiveCfg = Release|Any CPU
		{B5474378-B27C-4E46-82AC-AB1E20EE3D65}.Ad-Hoc|x86.Build.0 = Release|Any CPU
		{B5474378-B27C-4E46-82AC-AB1E20EE3D65}.AppStore|Any CPU.ActiveCfg = Release|Any CPU
		{B5474378-B27C-4E46-82AC-AB1E20EE3D65}.AppStore|Any CPU.Build.0 = Release|Any CPU
		{B5474378-B27C-4E46-82AC-AB1E20EE3D65}.AppStore|ARM.ActiveCfg = Release|Any CPU
		{B5474378-B27C-4E46-82AC-AB1E20EE3D65}.AppStore|ARM.Build.0 = Release|Any CPU
		{B5474378-B27C-4E46-82AC-AB1E20EE3D65}.AppStore|iPhone.ActiveCfg = Release|Any CPU
		{B5474378-B27C-4E46-82AC-AB1E20EE3D65}.AppStore|iPhone.Build.0 = Release|Any CPU
		{B5474378-B27C-4E46-82AC-AB1E20EE3D65}.AppStore|iPhoneSimulator.ActiveCfg = Release|Any CPU
		{B5474378-B27C-4E46-82AC-AB1E20EE3D65}.AppStore|iPhoneSimulator.Build.0 = Release|Any CPU
		{B5474378-B27C-4E46-82AC-AB1E20EE3D65}.AppStore|x64.ActiveCfg = Release|Any CPU
		{B5474378-B27C-4E46-82AC-AB1E20EE3D65}.AppStore|x64.Build.0 = Release|Any CPU
		{B5474378-B27C-4E46-82AC-AB1E20EE3D65}.AppStore|x86.ActiveCfg = Release|Any CPU
		{B5474378-B27C-4E46-82AC-AB1E20EE3D65}.AppStore|x86.Build.0 = Release|Any CPU
		{B5474378-B27C-4E46-82AC-AB1E20EE3D65}.Debug|Any CPU.ActiveCfg = Debug|Any CPU
		{B5474378-B27C-4E46-82AC-AB1E20EE3D65}.Debug|Any CPU.Build.0 = Debug|Any CPU
		{B5474378-B27C-4E46-82AC-AB1E20EE3D65}.Debug|Any CPU.Deploy.0 = Debug|Any CPU
		{B5474378-B27C-4E46-82AC-AB1E20EE3D65}.Debug|ARM.ActiveCfg = Debug|Any CPU
		{B5474378-B27C-4E46-82AC-AB1E20EE3D65}.Debug|ARM.Build.0 = Debug|Any CPU
		{B5474378-B27C-4E46-82AC-AB1E20EE3D65}.Debug|iPhone.ActiveCfg = Debug|Any CPU
		{B5474378-B27C-4E46-82AC-AB1E20EE3D65}.Debug|iPhone.Build.0 = Debug|Any CPU
		{B5474378-B27C-4E46-82AC-AB1E20EE3D65}.Debug|iPhoneSimulator.ActiveCfg = Debug|Any CPU
		{B5474378-B27C-4E46-82AC-AB1E20EE3D65}.Debug|iPhoneSimulator.Build.0 = Debug|Any CPU
		{B5474378-B27C-4E46-82AC-AB1E20EE3D65}.Debug|x64.ActiveCfg = Debug|Any CPU
		{B5474378-B27C-4E46-82AC-AB1E20EE3D65}.Debug|x64.Build.0 = Debug|Any CPU
		{B5474378-B27C-4E46-82AC-AB1E20EE3D65}.Debug|x86.ActiveCfg = Debug|Any CPU
		{B5474378-B27C-4E46-82AC-AB1E20EE3D65}.Debug|x86.Build.0 = Debug|Any CPU
		{B5474378-B27C-4E46-82AC-AB1E20EE3D65}.Release|Any CPU.ActiveCfg = Release|Any CPU
		{B5474378-B27C-4E46-82AC-AB1E20EE3D65}.Release|Any CPU.Build.0 = Release|Any CPU
		{B5474378-B27C-4E46-82AC-AB1E20EE3D65}.Release|Any CPU.Deploy.0 = Release|Any CPU
		{B5474378-B27C-4E46-82AC-AB1E20EE3D65}.Release|ARM.ActiveCfg = Release|Any CPU
		{B5474378-B27C-4E46-82AC-AB1E20EE3D65}.Release|ARM.Build.0 = Release|Any CPU
		{B5474378-B27C-4E46-82AC-AB1E20EE3D65}.Release|iPhone.ActiveCfg = Release|Any CPU
		{B5474378-B27C-4E46-82AC-AB1E20EE3D65}.Release|iPhone.Build.0 = Release|Any CPU
		{B5474378-B27C-4E46-82AC-AB1E20EE3D65}.Release|iPhoneSimulator.ActiveCfg = Release|Any CPU
		{B5474378-B27C-4E46-82AC-AB1E20EE3D65}.Release|iPhoneSimulator.Build.0 = Release|Any CPU
		{B5474378-B27C-4E46-82AC-AB1E20EE3D65}.Release|x64.ActiveCfg = Release|Any CPU
		{B5474378-B27C-4E46-82AC-AB1E20EE3D65}.Release|x64.Build.0 = Release|Any CPU
		{B5474378-B27C-4E46-82AC-AB1E20EE3D65}.Release|x86.ActiveCfg = Release|Any CPU
		{B5474378-B27C-4E46-82AC-AB1E20EE3D65}.Release|x86.Build.0 = Release|Any CPU
		{FFBAC446-4F94-4146-A175-54D8EF2ABD42}.Ad-Hoc|Any CPU.ActiveCfg = Debug|Any CPU
		{FFBAC446-4F94-4146-A175-54D8EF2ABD42}.Ad-Hoc|Any CPU.Build.0 = Debug|Any CPU
		{FFBAC446-4F94-4146-A175-54D8EF2ABD42}.Ad-Hoc|ARM.ActiveCfg = Debug|Any CPU
		{FFBAC446-4F94-4146-A175-54D8EF2ABD42}.Ad-Hoc|ARM.Build.0 = Debug|Any CPU
		{FFBAC446-4F94-4146-A175-54D8EF2ABD42}.Ad-Hoc|iPhone.ActiveCfg = Debug|Any CPU
		{FFBAC446-4F94-4146-A175-54D8EF2ABD42}.Ad-Hoc|iPhone.Build.0 = Debug|Any CPU
		{FFBAC446-4F94-4146-A175-54D8EF2ABD42}.Ad-Hoc|iPhoneSimulator.ActiveCfg = Debug|Any CPU
		{FFBAC446-4F94-4146-A175-54D8EF2ABD42}.Ad-Hoc|iPhoneSimulator.Build.0 = Debug|Any CPU
		{FFBAC446-4F94-4146-A175-54D8EF2ABD42}.Ad-Hoc|x64.ActiveCfg = Debug|Any CPU
		{FFBAC446-4F94-4146-A175-54D8EF2ABD42}.Ad-Hoc|x64.Build.0 = Debug|Any CPU
		{FFBAC446-4F94-4146-A175-54D8EF2ABD42}.Ad-Hoc|x86.ActiveCfg = Debug|Any CPU
		{FFBAC446-4F94-4146-A175-54D8EF2ABD42}.Ad-Hoc|x86.Build.0 = Debug|Any CPU
		{FFBAC446-4F94-4146-A175-54D8EF2ABD42}.AppStore|Any CPU.ActiveCfg = Debug|Any CPU
		{FFBAC446-4F94-4146-A175-54D8EF2ABD42}.AppStore|Any CPU.Build.0 = Debug|Any CPU
		{FFBAC446-4F94-4146-A175-54D8EF2ABD42}.AppStore|ARM.ActiveCfg = Debug|Any CPU
		{FFBAC446-4F94-4146-A175-54D8EF2ABD42}.AppStore|ARM.Build.0 = Debug|Any CPU
		{FFBAC446-4F94-4146-A175-54D8EF2ABD42}.AppStore|iPhone.ActiveCfg = Debug|Any CPU
		{FFBAC446-4F94-4146-A175-54D8EF2ABD42}.AppStore|iPhone.Build.0 = Debug|Any CPU
		{FFBAC446-4F94-4146-A175-54D8EF2ABD42}.AppStore|iPhoneSimulator.ActiveCfg = Debug|Any CPU
		{FFBAC446-4F94-4146-A175-54D8EF2ABD42}.AppStore|iPhoneSimulator.Build.0 = Debug|Any CPU
		{FFBAC446-4F94-4146-A175-54D8EF2ABD42}.AppStore|x64.ActiveCfg = Debug|Any CPU
		{FFBAC446-4F94-4146-A175-54D8EF2ABD42}.AppStore|x64.Build.0 = Debug|Any CPU
		{FFBAC446-4F94-4146-A175-54D8EF2ABD42}.AppStore|x86.ActiveCfg = Debug|Any CPU
		{FFBAC446-4F94-4146-A175-54D8EF2ABD42}.AppStore|x86.Build.0 = Debug|Any CPU
		{FFBAC446-4F94-4146-A175-54D8EF2ABD42}.Debug|Any CPU.ActiveCfg = Debug|Any CPU
		{FFBAC446-4F94-4146-A175-54D8EF2ABD42}.Debug|Any CPU.Build.0 = Debug|Any CPU
		{FFBAC446-4F94-4146-A175-54D8EF2ABD42}.Debug|ARM.ActiveCfg = Debug|Any CPU
		{FFBAC446-4F94-4146-A175-54D8EF2ABD42}.Debug|ARM.Build.0 = Debug|Any CPU
		{FFBAC446-4F94-4146-A175-54D8EF2ABD42}.Debug|iPhone.ActiveCfg = Debug|Any CPU
		{FFBAC446-4F94-4146-A175-54D8EF2ABD42}.Debug|iPhone.Build.0 = Debug|Any CPU
		{FFBAC446-4F94-4146-A175-54D8EF2ABD42}.Debug|iPhoneSimulator.ActiveCfg = Debug|Any CPU
		{FFBAC446-4F94-4146-A175-54D8EF2ABD42}.Debug|iPhoneSimulator.Build.0 = Debug|Any CPU
		{FFBAC446-4F94-4146-A175-54D8EF2ABD42}.Debug|x64.ActiveCfg = Debug|Any CPU
		{FFBAC446-4F94-4146-A175-54D8EF2ABD42}.Debug|x64.Build.0 = Debug|Any CPU
		{FFBAC446-4F94-4146-A175-54D8EF2ABD42}.Debug|x86.ActiveCfg = Debug|Any CPU
		{FFBAC446-4F94-4146-A175-54D8EF2ABD42}.Debug|x86.Build.0 = Debug|Any CPU
		{FFBAC446-4F94-4146-A175-54D8EF2ABD42}.Release|Any CPU.ActiveCfg = Release|Any CPU
		{FFBAC446-4F94-4146-A175-54D8EF2ABD42}.Release|Any CPU.Build.0 = Release|Any CPU
		{FFBAC446-4F94-4146-A175-54D8EF2ABD42}.Release|ARM.ActiveCfg = Release|Any CPU
		{FFBAC446-4F94-4146-A175-54D8EF2ABD42}.Release|ARM.Build.0 = Release|Any CPU
		{FFBAC446-4F94-4146-A175-54D8EF2ABD42}.Release|iPhone.ActiveCfg = Release|Any CPU
		{FFBAC446-4F94-4146-A175-54D8EF2ABD42}.Release|iPhone.Build.0 = Release|Any CPU
		{FFBAC446-4F94-4146-A175-54D8EF2ABD42}.Release|iPhoneSimulator.ActiveCfg = Release|Any CPU
		{FFBAC446-4F94-4146-A175-54D8EF2ABD42}.Release|iPhoneSimulator.Build.0 = Release|Any CPU
		{FFBAC446-4F94-4146-A175-54D8EF2ABD42}.Release|x64.ActiveCfg = Release|Any CPU
		{FFBAC446-4F94-4146-A175-54D8EF2ABD42}.Release|x64.Build.0 = Release|Any CPU
		{FFBAC446-4F94-4146-A175-54D8EF2ABD42}.Release|x86.ActiveCfg = Release|Any CPU
		{FFBAC446-4F94-4146-A175-54D8EF2ABD42}.Release|x86.Build.0 = Release|Any CPU
		{BE4F54A1-001E-4358-89D8-B97C1674A75D}.Ad-Hoc|Any CPU.ActiveCfg = Debug|Any CPU
		{BE4F54A1-001E-4358-89D8-B97C1674A75D}.Ad-Hoc|Any CPU.Build.0 = Debug|Any CPU
		{BE4F54A1-001E-4358-89D8-B97C1674A75D}.Ad-Hoc|ARM.ActiveCfg = Debug|Any CPU
		{BE4F54A1-001E-4358-89D8-B97C1674A75D}.Ad-Hoc|ARM.Build.0 = Debug|Any CPU
		{BE4F54A1-001E-4358-89D8-B97C1674A75D}.Ad-Hoc|iPhone.ActiveCfg = Debug|Any CPU
		{BE4F54A1-001E-4358-89D8-B97C1674A75D}.Ad-Hoc|iPhone.Build.0 = Debug|Any CPU
		{BE4F54A1-001E-4358-89D8-B97C1674A75D}.Ad-Hoc|iPhoneSimulator.ActiveCfg = Debug|Any CPU
		{BE4F54A1-001E-4358-89D8-B97C1674A75D}.Ad-Hoc|iPhoneSimulator.Build.0 = Debug|Any CPU
		{BE4F54A1-001E-4358-89D8-B97C1674A75D}.Ad-Hoc|x64.ActiveCfg = Debug|Any CPU
		{BE4F54A1-001E-4358-89D8-B97C1674A75D}.Ad-Hoc|x64.Build.0 = Debug|Any CPU
		{BE4F54A1-001E-4358-89D8-B97C1674A75D}.Ad-Hoc|x86.ActiveCfg = Debug|Any CPU
		{BE4F54A1-001E-4358-89D8-B97C1674A75D}.Ad-Hoc|x86.Build.0 = Debug|Any CPU
		{BE4F54A1-001E-4358-89D8-B97C1674A75D}.AppStore|Any CPU.ActiveCfg = Debug|Any CPU
		{BE4F54A1-001E-4358-89D8-B97C1674A75D}.AppStore|Any CPU.Build.0 = Debug|Any CPU
		{BE4F54A1-001E-4358-89D8-B97C1674A75D}.AppStore|ARM.ActiveCfg = Debug|Any CPU
		{BE4F54A1-001E-4358-89D8-B97C1674A75D}.AppStore|ARM.Build.0 = Debug|Any CPU
		{BE4F54A1-001E-4358-89D8-B97C1674A75D}.AppStore|iPhone.ActiveCfg = Debug|Any CPU
		{BE4F54A1-001E-4358-89D8-B97C1674A75D}.AppStore|iPhone.Build.0 = Debug|Any CPU
		{BE4F54A1-001E-4358-89D8-B97C1674A75D}.AppStore|iPhoneSimulator.ActiveCfg = Debug|Any CPU
		{BE4F54A1-001E-4358-89D8-B97C1674A75D}.AppStore|iPhoneSimulator.Build.0 = Debug|Any CPU
		{BE4F54A1-001E-4358-89D8-B97C1674A75D}.AppStore|x64.ActiveCfg = Debug|Any CPU
		{BE4F54A1-001E-4358-89D8-B97C1674A75D}.AppStore|x64.Build.0 = Debug|Any CPU
		{BE4F54A1-001E-4358-89D8-B97C1674A75D}.AppStore|x86.ActiveCfg = Debug|Any CPU
		{BE4F54A1-001E-4358-89D8-B97C1674A75D}.AppStore|x86.Build.0 = Debug|Any CPU
		{BE4F54A1-001E-4358-89D8-B97C1674A75D}.Debug|Any CPU.ActiveCfg = Debug|Any CPU
		{BE4F54A1-001E-4358-89D8-B97C1674A75D}.Debug|Any CPU.Build.0 = Debug|Any CPU
		{BE4F54A1-001E-4358-89D8-B97C1674A75D}.Debug|ARM.ActiveCfg = Debug|Any CPU
		{BE4F54A1-001E-4358-89D8-B97C1674A75D}.Debug|ARM.Build.0 = Debug|Any CPU
		{BE4F54A1-001E-4358-89D8-B97C1674A75D}.Debug|iPhone.ActiveCfg = Debug|Any CPU
		{BE4F54A1-001E-4358-89D8-B97C1674A75D}.Debug|iPhone.Build.0 = Debug|Any CPU
		{BE4F54A1-001E-4358-89D8-B97C1674A75D}.Debug|iPhoneSimulator.ActiveCfg = Debug|Any CPU
		{BE4F54A1-001E-4358-89D8-B97C1674A75D}.Debug|iPhoneSimulator.Build.0 = Debug|Any CPU
		{BE4F54A1-001E-4358-89D8-B97C1674A75D}.Debug|x64.ActiveCfg = Debug|Any CPU
		{BE4F54A1-001E-4358-89D8-B97C1674A75D}.Debug|x64.Build.0 = Debug|Any CPU
		{BE4F54A1-001E-4358-89D8-B97C1674A75D}.Debug|x86.ActiveCfg = Debug|Any CPU
		{BE4F54A1-001E-4358-89D8-B97C1674A75D}.Debug|x86.Build.0 = Debug|Any CPU
		{BE4F54A1-001E-4358-89D8-B97C1674A75D}.Release|Any CPU.ActiveCfg = Release|Any CPU
		{BE4F54A1-001E-4358-89D8-B97C1674A75D}.Release|Any CPU.Build.0 = Release|Any CPU
		{BE4F54A1-001E-4358-89D8-B97C1674A75D}.Release|ARM.ActiveCfg = Release|Any CPU
		{BE4F54A1-001E-4358-89D8-B97C1674A75D}.Release|ARM.Build.0 = Release|Any CPU
		{BE4F54A1-001E-4358-89D8-B97C1674A75D}.Release|iPhone.ActiveCfg = Release|Any CPU
		{BE4F54A1-001E-4358-89D8-B97C1674A75D}.Release|iPhone.Build.0 = Release|Any CPU
		{BE4F54A1-001E-4358-89D8-B97C1674A75D}.Release|iPhoneSimulator.ActiveCfg = Release|Any CPU
		{BE4F54A1-001E-4358-89D8-B97C1674A75D}.Release|iPhoneSimulator.Build.0 = Release|Any CPU
		{BE4F54A1-001E-4358-89D8-B97C1674A75D}.Release|x64.ActiveCfg = Release|Any CPU
		{BE4F54A1-001E-4358-89D8-B97C1674A75D}.Release|x64.Build.0 = Release|Any CPU
		{BE4F54A1-001E-4358-89D8-B97C1674A75D}.Release|x86.ActiveCfg = Release|Any CPU
		{BE4F54A1-001E-4358-89D8-B97C1674A75D}.Release|x86.Build.0 = Release|Any CPU
		{45246CEB-6E5A-4F3D-AC71-5C002069FBE5}.Ad-Hoc|Any CPU.ActiveCfg = Debug|Any CPU
		{45246CEB-6E5A-4F3D-AC71-5C002069FBE5}.Ad-Hoc|Any CPU.Build.0 = Debug|Any CPU
		{45246CEB-6E5A-4F3D-AC71-5C002069FBE5}.Ad-Hoc|ARM.ActiveCfg = Debug|Any CPU
		{45246CEB-6E5A-4F3D-AC71-5C002069FBE5}.Ad-Hoc|ARM.Build.0 = Debug|Any CPU
		{45246CEB-6E5A-4F3D-AC71-5C002069FBE5}.Ad-Hoc|iPhone.ActiveCfg = Debug|Any CPU
		{45246CEB-6E5A-4F3D-AC71-5C002069FBE5}.Ad-Hoc|iPhone.Build.0 = Debug|Any CPU
		{45246CEB-6E5A-4F3D-AC71-5C002069FBE5}.Ad-Hoc|iPhoneSimulator.ActiveCfg = Debug|Any CPU
		{45246CEB-6E5A-4F3D-AC71-5C002069FBE5}.Ad-Hoc|iPhoneSimulator.Build.0 = Debug|Any CPU
		{45246CEB-6E5A-4F3D-AC71-5C002069FBE5}.Ad-Hoc|x64.ActiveCfg = Debug|Any CPU
		{45246CEB-6E5A-4F3D-AC71-5C002069FBE5}.Ad-Hoc|x64.Build.0 = Debug|Any CPU
		{45246CEB-6E5A-4F3D-AC71-5C002069FBE5}.Ad-Hoc|x86.ActiveCfg = Debug|Any CPU
		{45246CEB-6E5A-4F3D-AC71-5C002069FBE5}.Ad-Hoc|x86.Build.0 = Debug|Any CPU
		{45246CEB-6E5A-4F3D-AC71-5C002069FBE5}.AppStore|Any CPU.ActiveCfg = Debug|Any CPU
		{45246CEB-6E5A-4F3D-AC71-5C002069FBE5}.AppStore|Any CPU.Build.0 = Debug|Any CPU
		{45246CEB-6E5A-4F3D-AC71-5C002069FBE5}.AppStore|ARM.ActiveCfg = Debug|Any CPU
		{45246CEB-6E5A-4F3D-AC71-5C002069FBE5}.AppStore|ARM.Build.0 = Debug|Any CPU
		{45246CEB-6E5A-4F3D-AC71-5C002069FBE5}.AppStore|iPhone.ActiveCfg = Debug|Any CPU
		{45246CEB-6E5A-4F3D-AC71-5C002069FBE5}.AppStore|iPhone.Build.0 = Debug|Any CPU
		{45246CEB-6E5A-4F3D-AC71-5C002069FBE5}.AppStore|iPhoneSimulator.ActiveCfg = Debug|Any CPU
		{45246CEB-6E5A-4F3D-AC71-5C002069FBE5}.AppStore|iPhoneSimulator.Build.0 = Debug|Any CPU
		{45246CEB-6E5A-4F3D-AC71-5C002069FBE5}.AppStore|x64.ActiveCfg = Debug|Any CPU
		{45246CEB-6E5A-4F3D-AC71-5C002069FBE5}.AppStore|x64.Build.0 = Debug|Any CPU
		{45246CEB-6E5A-4F3D-AC71-5C002069FBE5}.AppStore|x86.ActiveCfg = Debug|Any CPU
		{45246CEB-6E5A-4F3D-AC71-5C002069FBE5}.AppStore|x86.Build.0 = Debug|Any CPU
		{45246CEB-6E5A-4F3D-AC71-5C002069FBE5}.Debug|Any CPU.ActiveCfg = Debug|Any CPU
		{45246CEB-6E5A-4F3D-AC71-5C002069FBE5}.Debug|Any CPU.Build.0 = Debug|Any CPU
		{45246CEB-6E5A-4F3D-AC71-5C002069FBE5}.Debug|ARM.ActiveCfg = Debug|Any CPU
		{45246CEB-6E5A-4F3D-AC71-5C002069FBE5}.Debug|ARM.Build.0 = Debug|Any CPU
		{45246CEB-6E5A-4F3D-AC71-5C002069FBE5}.Debug|iPhone.ActiveCfg = Debug|Any CPU
		{45246CEB-6E5A-4F3D-AC71-5C002069FBE5}.Debug|iPhone.Build.0 = Debug|Any CPU
		{45246CEB-6E5A-4F3D-AC71-5C002069FBE5}.Debug|iPhoneSimulator.ActiveCfg = Debug|Any CPU
		{45246CEB-6E5A-4F3D-AC71-5C002069FBE5}.Debug|iPhoneSimulator.Build.0 = Debug|Any CPU
		{45246CEB-6E5A-4F3D-AC71-5C002069FBE5}.Debug|x64.ActiveCfg = Debug|Any CPU
		{45246CEB-6E5A-4F3D-AC71-5C002069FBE5}.Debug|x64.Build.0 = Debug|Any CPU
		{45246CEB-6E5A-4F3D-AC71-5C002069FBE5}.Debug|x86.ActiveCfg = Debug|Any CPU
		{45246CEB-6E5A-4F3D-AC71-5C002069FBE5}.Debug|x86.Build.0 = Debug|Any CPU
		{45246CEB-6E5A-4F3D-AC71-5C002069FBE5}.Release|Any CPU.ActiveCfg = Release|Any CPU
		{45246CEB-6E5A-4F3D-AC71-5C002069FBE5}.Release|Any CPU.Build.0 = Release|Any CPU
		{45246CEB-6E5A-4F3D-AC71-5C002069FBE5}.Release|ARM.ActiveCfg = Release|Any CPU
		{45246CEB-6E5A-4F3D-AC71-5C002069FBE5}.Release|ARM.Build.0 = Release|Any CPU
		{45246CEB-6E5A-4F3D-AC71-5C002069FBE5}.Release|iPhone.ActiveCfg = Release|Any CPU
		{45246CEB-6E5A-4F3D-AC71-5C002069FBE5}.Release|iPhone.Build.0 = Release|Any CPU
		{45246CEB-6E5A-4F3D-AC71-5C002069FBE5}.Release|iPhoneSimulator.ActiveCfg = Release|Any CPU
		{45246CEB-6E5A-4F3D-AC71-5C002069FBE5}.Release|iPhoneSimulator.Build.0 = Release|Any CPU
		{45246CEB-6E5A-4F3D-AC71-5C002069FBE5}.Release|x64.ActiveCfg = Release|Any CPU
		{45246CEB-6E5A-4F3D-AC71-5C002069FBE5}.Release|x64.Build.0 = Release|Any CPU
		{45246CEB-6E5A-4F3D-AC71-5C002069FBE5}.Release|x86.ActiveCfg = Release|Any CPU
		{45246CEB-6E5A-4F3D-AC71-5C002069FBE5}.Release|x86.Build.0 = Release|Any CPU
		{6F735F25-A9BD-49AC-9820-0FE2CA89FB02}.Ad-Hoc|Any CPU.ActiveCfg = Debug|Any CPU
		{6F735F25-A9BD-49AC-9820-0FE2CA89FB02}.Ad-Hoc|Any CPU.Build.0 = Debug|Any CPU
		{6F735F25-A9BD-49AC-9820-0FE2CA89FB02}.Ad-Hoc|ARM.ActiveCfg = Debug|Any CPU
		{6F735F25-A9BD-49AC-9820-0FE2CA89FB02}.Ad-Hoc|ARM.Build.0 = Debug|Any CPU
		{6F735F25-A9BD-49AC-9820-0FE2CA89FB02}.Ad-Hoc|iPhone.ActiveCfg = Debug|Any CPU
		{6F735F25-A9BD-49AC-9820-0FE2CA89FB02}.Ad-Hoc|iPhone.Build.0 = Debug|Any CPU
		{6F735F25-A9BD-49AC-9820-0FE2CA89FB02}.Ad-Hoc|iPhoneSimulator.ActiveCfg = Debug|Any CPU
		{6F735F25-A9BD-49AC-9820-0FE2CA89FB02}.Ad-Hoc|iPhoneSimulator.Build.0 = Debug|Any CPU
		{6F735F25-A9BD-49AC-9820-0FE2CA89FB02}.Ad-Hoc|x64.ActiveCfg = Debug|Any CPU
		{6F735F25-A9BD-49AC-9820-0FE2CA89FB02}.Ad-Hoc|x64.Build.0 = Debug|Any CPU
		{6F735F25-A9BD-49AC-9820-0FE2CA89FB02}.Ad-Hoc|x86.ActiveCfg = Debug|Any CPU
		{6F735F25-A9BD-49AC-9820-0FE2CA89FB02}.Ad-Hoc|x86.Build.0 = Debug|Any CPU
		{6F735F25-A9BD-49AC-9820-0FE2CA89FB02}.AppStore|Any CPU.ActiveCfg = Debug|Any CPU
		{6F735F25-A9BD-49AC-9820-0FE2CA89FB02}.AppStore|Any CPU.Build.0 = Debug|Any CPU
		{6F735F25-A9BD-49AC-9820-0FE2CA89FB02}.AppStore|ARM.ActiveCfg = Debug|Any CPU
		{6F735F25-A9BD-49AC-9820-0FE2CA89FB02}.AppStore|ARM.Build.0 = Debug|Any CPU
		{6F735F25-A9BD-49AC-9820-0FE2CA89FB02}.AppStore|iPhone.ActiveCfg = Debug|Any CPU
		{6F735F25-A9BD-49AC-9820-0FE2CA89FB02}.AppStore|iPhone.Build.0 = Debug|Any CPU
		{6F735F25-A9BD-49AC-9820-0FE2CA89FB02}.AppStore|iPhoneSimulator.ActiveCfg = Debug|Any CPU
		{6F735F25-A9BD-49AC-9820-0FE2CA89FB02}.AppStore|iPhoneSimulator.Build.0 = Debug|Any CPU
		{6F735F25-A9BD-49AC-9820-0FE2CA89FB02}.AppStore|x64.ActiveCfg = Debug|Any CPU
		{6F735F25-A9BD-49AC-9820-0FE2CA89FB02}.AppStore|x64.Build.0 = Debug|Any CPU
		{6F735F25-A9BD-49AC-9820-0FE2CA89FB02}.AppStore|x86.ActiveCfg = Debug|Any CPU
		{6F735F25-A9BD-49AC-9820-0FE2CA89FB02}.AppStore|x86.Build.0 = Debug|Any CPU
		{6F735F25-A9BD-49AC-9820-0FE2CA89FB02}.Debug|Any CPU.ActiveCfg = Debug|Any CPU
		{6F735F25-A9BD-49AC-9820-0FE2CA89FB02}.Debug|Any CPU.Build.0 = Debug|Any CPU
		{6F735F25-A9BD-49AC-9820-0FE2CA89FB02}.Debug|ARM.ActiveCfg = Debug|Any CPU
		{6F735F25-A9BD-49AC-9820-0FE2CA89FB02}.Debug|ARM.Build.0 = Debug|Any CPU
		{6F735F25-A9BD-49AC-9820-0FE2CA89FB02}.Debug|iPhone.ActiveCfg = Debug|Any CPU
		{6F735F25-A9BD-49AC-9820-0FE2CA89FB02}.Debug|iPhone.Build.0 = Debug|Any CPU
		{6F735F25-A9BD-49AC-9820-0FE2CA89FB02}.Debug|iPhoneSimulator.ActiveCfg = Debug|Any CPU
		{6F735F25-A9BD-49AC-9820-0FE2CA89FB02}.Debug|iPhoneSimulator.Build.0 = Debug|Any CPU
		{6F735F25-A9BD-49AC-9820-0FE2CA89FB02}.Debug|x64.ActiveCfg = Debug|Any CPU
		{6F735F25-A9BD-49AC-9820-0FE2CA89FB02}.Debug|x64.Build.0 = Debug|Any CPU
		{6F735F25-A9BD-49AC-9820-0FE2CA89FB02}.Debug|x86.ActiveCfg = Debug|Any CPU
		{6F735F25-A9BD-49AC-9820-0FE2CA89FB02}.Debug|x86.Build.0 = Debug|Any CPU
		{6F735F25-A9BD-49AC-9820-0FE2CA89FB02}.Release|Any CPU.ActiveCfg = Release|Any CPU
		{6F735F25-A9BD-49AC-9820-0FE2CA89FB02}.Release|Any CPU.Build.0 = Release|Any CPU
		{6F735F25-A9BD-49AC-9820-0FE2CA89FB02}.Release|ARM.ActiveCfg = Release|Any CPU
		{6F735F25-A9BD-49AC-9820-0FE2CA89FB02}.Release|ARM.Build.0 = Release|Any CPU
		{6F735F25-A9BD-49AC-9820-0FE2CA89FB02}.Release|iPhone.ActiveCfg = Release|Any CPU
		{6F735F25-A9BD-49AC-9820-0FE2CA89FB02}.Release|iPhone.Build.0 = Release|Any CPU
		{6F735F25-A9BD-49AC-9820-0FE2CA89FB02}.Release|iPhoneSimulator.ActiveCfg = Release|Any CPU
		{6F735F25-A9BD-49AC-9820-0FE2CA89FB02}.Release|iPhoneSimulator.Build.0 = Release|Any CPU
		{6F735F25-A9BD-49AC-9820-0FE2CA89FB02}.Release|x64.ActiveCfg = Release|Any CPU
		{6F735F25-A9BD-49AC-9820-0FE2CA89FB02}.Release|x64.Build.0 = Release|Any CPU
		{6F735F25-A9BD-49AC-9820-0FE2CA89FB02}.Release|x86.ActiveCfg = Release|Any CPU
		{6F735F25-A9BD-49AC-9820-0FE2CA89FB02}.Release|x86.Build.0 = Release|Any CPU
		{49A7510F-46AB-4443-A786-AE28004165BD}.Ad-Hoc|Any CPU.ActiveCfg = Debug|Any CPU
		{49A7510F-46AB-4443-A786-AE28004165BD}.Ad-Hoc|Any CPU.Build.0 = Debug|Any CPU
		{49A7510F-46AB-4443-A786-AE28004165BD}.Ad-Hoc|ARM.ActiveCfg = Debug|Any CPU
		{49A7510F-46AB-4443-A786-AE28004165BD}.Ad-Hoc|ARM.Build.0 = Debug|Any CPU
		{49A7510F-46AB-4443-A786-AE28004165BD}.Ad-Hoc|iPhone.ActiveCfg = Debug|Any CPU
		{49A7510F-46AB-4443-A786-AE28004165BD}.Ad-Hoc|iPhone.Build.0 = Debug|Any CPU
		{49A7510F-46AB-4443-A786-AE28004165BD}.Ad-Hoc|iPhoneSimulator.ActiveCfg = Debug|Any CPU
		{49A7510F-46AB-4443-A786-AE28004165BD}.Ad-Hoc|iPhoneSimulator.Build.0 = Debug|Any CPU
		{49A7510F-46AB-4443-A786-AE28004165BD}.Ad-Hoc|x64.ActiveCfg = Debug|Any CPU
		{49A7510F-46AB-4443-A786-AE28004165BD}.Ad-Hoc|x64.Build.0 = Debug|Any CPU
		{49A7510F-46AB-4443-A786-AE28004165BD}.Ad-Hoc|x86.ActiveCfg = Debug|Any CPU
		{49A7510F-46AB-4443-A786-AE28004165BD}.Ad-Hoc|x86.Build.0 = Debug|Any CPU
		{49A7510F-46AB-4443-A786-AE28004165BD}.AppStore|Any CPU.ActiveCfg = Debug|Any CPU
		{49A7510F-46AB-4443-A786-AE28004165BD}.AppStore|Any CPU.Build.0 = Debug|Any CPU
		{49A7510F-46AB-4443-A786-AE28004165BD}.AppStore|ARM.ActiveCfg = Debug|Any CPU
		{49A7510F-46AB-4443-A786-AE28004165BD}.AppStore|ARM.Build.0 = Debug|Any CPU
		{49A7510F-46AB-4443-A786-AE28004165BD}.AppStore|iPhone.ActiveCfg = Debug|Any CPU
		{49A7510F-46AB-4443-A786-AE28004165BD}.AppStore|iPhone.Build.0 = Debug|Any CPU
		{49A7510F-46AB-4443-A786-AE28004165BD}.AppStore|iPhoneSimulator.ActiveCfg = Debug|Any CPU
		{49A7510F-46AB-4443-A786-AE28004165BD}.AppStore|iPhoneSimulator.Build.0 = Debug|Any CPU
		{49A7510F-46AB-4443-A786-AE28004165BD}.AppStore|x64.ActiveCfg = Debug|Any CPU
		{49A7510F-46AB-4443-A786-AE28004165BD}.AppStore|x64.Build.0 = Debug|Any CPU
		{49A7510F-46AB-4443-A786-AE28004165BD}.AppStore|x86.ActiveCfg = Debug|Any CPU
		{49A7510F-46AB-4443-A786-AE28004165BD}.AppStore|x86.Build.0 = Debug|Any CPU
		{49A7510F-46AB-4443-A786-AE28004165BD}.Debug|Any CPU.ActiveCfg = Debug|Any CPU
		{49A7510F-46AB-4443-A786-AE28004165BD}.Debug|Any CPU.Build.0 = Debug|Any CPU
		{49A7510F-46AB-4443-A786-AE28004165BD}.Debug|ARM.ActiveCfg = Debug|Any CPU
		{49A7510F-46AB-4443-A786-AE28004165BD}.Debug|ARM.Build.0 = Debug|Any CPU
		{49A7510F-46AB-4443-A786-AE28004165BD}.Debug|iPhone.ActiveCfg = Debug|Any CPU
		{49A7510F-46AB-4443-A786-AE28004165BD}.Debug|iPhone.Build.0 = Debug|Any CPU
		{49A7510F-46AB-4443-A786-AE28004165BD}.Debug|iPhoneSimulator.ActiveCfg = Debug|Any CPU
		{49A7510F-46AB-4443-A786-AE28004165BD}.Debug|iPhoneSimulator.Build.0 = Debug|Any CPU
		{49A7510F-46AB-4443-A786-AE28004165BD}.Debug|x64.ActiveCfg = Debug|Any CPU
		{49A7510F-46AB-4443-A786-AE28004165BD}.Debug|x64.Build.0 = Debug|Any CPU
		{49A7510F-46AB-4443-A786-AE28004165BD}.Debug|x86.ActiveCfg = Debug|Any CPU
		{49A7510F-46AB-4443-A786-AE28004165BD}.Debug|x86.Build.0 = Debug|Any CPU
		{49A7510F-46AB-4443-A786-AE28004165BD}.Release|Any CPU.ActiveCfg = Release|Any CPU
		{49A7510F-46AB-4443-A786-AE28004165BD}.Release|Any CPU.Build.0 = Release|Any CPU
		{49A7510F-46AB-4443-A786-AE28004165BD}.Release|ARM.ActiveCfg = Release|Any CPU
		{49A7510F-46AB-4443-A786-AE28004165BD}.Release|ARM.Build.0 = Release|Any CPU
		{49A7510F-46AB-4443-A786-AE28004165BD}.Release|iPhone.ActiveCfg = Release|Any CPU
		{49A7510F-46AB-4443-A786-AE28004165BD}.Release|iPhone.Build.0 = Release|Any CPU
		{49A7510F-46AB-4443-A786-AE28004165BD}.Release|iPhoneSimulator.ActiveCfg = Release|Any CPU
		{49A7510F-46AB-4443-A786-AE28004165BD}.Release|iPhoneSimulator.Build.0 = Release|Any CPU
		{49A7510F-46AB-4443-A786-AE28004165BD}.Release|x64.ActiveCfg = Release|Any CPU
		{49A7510F-46AB-4443-A786-AE28004165BD}.Release|x64.Build.0 = Release|Any CPU
		{49A7510F-46AB-4443-A786-AE28004165BD}.Release|x86.ActiveCfg = Release|Any CPU
		{49A7510F-46AB-4443-A786-AE28004165BD}.Release|x86.Build.0 = Release|Any CPU
	EndGlobalSection
	GlobalSection(SolutionProperties) = preSolution
		HideSolutionNode = FALSE
	EndGlobalSection
	GlobalSection(ExtensibilityGlobals) = postSolution
		SolutionGuid = {F6D05029-56B8-4E45-AF2D-0E76295DDBA2}
	EndGlobalSection
EndGlobal
